
Microsoft Visual Studio Solution File, Format Version 12.00
# Visual Studio Version 17
VisualStudioVersion = 17.0.32014.148
MinimumVisualStudioVersion = 10.0.40219.1
Project("{FAE04EC0-301F-11D3-BF4B-00C04F79EFBC}") = "MVCMovie", "MVCMovie\MVCMovie.csproj", "{394EF947-6F62-431E-880A-C6377A2E5A4B}"
EndProject
Global
	GlobalSection(SolutionConfigurationPlatforms) = preSolution
		Debug|Any CPU = Debug|Any CPU
		Release|Any CPU = Release|Any CPU
	EndGlobalSection
	GlobalSection(ProjectConfigurationPlatforms) = postSolution
		{394EF947-6F62-431E-880A-C6377A2E5A4B}.Debug|Any CPU.ActiveCfg = Debug|Any CPU
		{394EF947-6F62-431E-880A-C6377A2E5A4B}.Debug|Any CPU.Build.0 = Debug|Any CPU
		{394EF947-6F62-431E-880A-C6377A2E5A4B}.Release|Any CPU.ActiveCfg = Release|Any CPU
		{394EF947-6F62-431E-880A-C6377A2E5A4B}.Release|Any CPU.Build.0 = Release|Any CPU
	EndGlobalSection
	GlobalSection(SolutionProperties) = preSolution
		HideSolutionNode = FALSE
	EndGlobalSection
	GlobalSection(ExtensibilityGlobals) = postSolution
		SolutionGuid = {9CBBE65E-BE82-4119-85F8-2600B09F28F3}
	EndGlobalSection
EndGlobal
